<?xml version="1.0" encoding="utf-8"?>
<Project ToolsVersion="4.0" xmlns="http://schemas.microsoft.com/developer/msbuild/2003">
  <ItemGroup>
    <Filter Include="Source Files" />
    <Filter Include="Source Files\include" />
  </ItemGroup>
  <ItemGroup>
    <ClInclude Include="autoversion.h">
      <Filter>Source Files</Filter>
    </ClInclude>
    <ClInclude Include="include\CcpMath.h">
      <Filter>Source Files\include</Filter>
    </ClInclude>
    <ClInclude Include="include\Color.h">
      <Filter>Source Files\include</Filter>
    </ClInclude>
    <ClInclude Include="include\Color_inline.h">
      <Filter>Source Files\include</Filter>
    </ClInclude>
    <ClInclude Include="include\Float16.h">
      <Filter>Source Files\include</Filter>
    </ClInclude>
    <ClInclude Include="include\Float16_inline.h">
      <Filter>Source Files\include</Filter>
    </ClInclude>
    <ClInclude Include="include\Matrix.h">
      <Filter>Source Files\include</Filter>
    </ClInclude>
    <ClInclude Include="include\Matrix_inline.h">
      <Filter>Source Files\include</Filter>
    </ClInclude>
    <ClInclude Include="include\Plane.h">
      <Filter>Source Files\include</Filter>
    </ClInclude>
    <ClInclude Include="include\Plane_inline.h">
      <Filter>Source Files\include</Filter>
    </ClInclude>
    <ClInclude Include="include\Quaternion.h">
      <Filter>Source Files\include</Filter>
    </ClInclude>
    <ClInclude Include="include\Quaternion_inline.h">
      <Filter>Source Files\include</Filter>
    </ClInclude>
    <ClInclude Include="include\Requirements.h">
      <Filter>Source Files\include</Filter>
    </ClInclude>
    <ClInclude Include="include\Vector2.h">
      <Filter>Source Files\include</Filter>
    </ClInclude>
    <ClInclude Include="include\Vector2_inline.h">
      <Filter>Source Files\include</Filter>
    </ClInclude>
    <ClInclude Include="include\Vector3.h">
      <Filter>Source Files\include</Filter>
    </ClInclude>
    <ClInclude Include="include\Vector3_inline.h">
      <Filter>Source Files\include</Filter>
    </ClInclude>
    <ClInclude Include="include\Vector4.h">
      <Filter>Source Files\include</Filter>
    </ClInclude>
    <ClInclude Include="include\Vector4_inline.h">
      <Filter>Source Files\include</Filter>
    </ClInclude>
    <ClInclude Include="include\xnamath.h">
      <Filter>Source Files\include</Filter>
    </ClInclude>
    <ClCompile Include="Color.cpp">
      <Filter>Source Files</Filter>
    </ClCompile>
    <ClCompile Include="Float16.cpp">
      <Filter>Source Files</Filter>
    </ClCompile>
    <ClCompile Include="Matrix.cpp">
      <Filter>Source Files</Filter>
    </ClCompile>
    <ClCompile Include="Plane.cpp">
      <Filter>Source Files</Filter>
    </ClCompile>
    <ClCompile Include="Quaternion.cpp">
      <Filter>Source Files</Filter>
    </ClCompile>
    <ClCompile Include="Vector2.cpp">
      <Filter>Source Files</Filter>
    </ClCompile>
    <ClCompile Include="Vector3.cpp">
      <Filter>Source Files</Filter>
    </ClCompile>
    <ClCompile Include="Vector4.cpp">
      <Filter>Source Files</Filter>
    </ClCompile>
    <ClCompile Include="xnamath.cpp">
      <Filter>Source Files</Filter>
    </ClCompile>
  </ItemGroup>
</Project>
