// !$*UTF8*$!
{
	archiveVersion = 1;
	classes = {
		};
	objects = {
		0000000100004f96314a5b24 = {
			isa = PBXBuildFile;
			fileRef = 0000000200004f96314a5b24;
			};
		0000002700004f96314a5b24 = {
			isa = PBXBuildFile;
			fileRef = 0000002800004f96314a5b24;
			};
		0000002400004f96314a5b24 = {
			name = Plane_inline.h;
			fileEncoding = 4;
			lastKnownFileType = sourcecode.cpp.h;
			path = "include/Plane_inline.h";
			isa = PBXFileReference;
			sourceTree = "<group>";
			};
		0000000E00004f96314a5b24 = {
			name = Vector3.cpp;
			fileEncoding = 4;
			lastKnownFileType = sourcecode.cpp.cpp;
			path = Vector3.cpp;
			isa = PBXFileReference;
			sourceTree = "<group>";
			};
		0000000800004f96314a5b24 = {
			name = Plane.cpp;
			fileEncoding = 4;
			lastKnownFileType = sourcecode.cpp.cpp;
			path = Plane.cpp;
			isa = PBXFileReference;
			sourceTree = "<group>";
			};
		0000003700004f96314a5b24 = {
			isa = PBXBuildFile;
			fileRef = 0000003800004f96314a5b24;
			};
		0000003E00004f96314a5b24 = {
			path = CcpMath.lib;
			isa = PBXFileReference;
			includeInIndex = 0;
			explicitFileType = archive.ar;
			sourceTree = BUILT_PRODUCTS_DIR;
			};
		0000002800004f96314a5b24 = {
			name = Quaternion_inline.h;
			fileEncoding = 4;
			lastKnownFileType = sourcecode.cpp.h;
			path = "include/Quaternion_inline.h";
			isa = PBXFileReference;
			sourceTree = "<group>";
			};
		0000001C00004f96314a5b24 = {
			name = Float16_inline.h;
			fileEncoding = 4;
			lastKnownFileType = sourcecode.cpp.h;
			path = "include/Float16_inline.h";
			isa = PBXFileReference;
			sourceTree = "<group>";
			};
		0000000500004f96314a5b24 = {
			isa = PBXBuildFile;
			fileRef = 0000000600004f96314a5b24;
			};
		0000004900004f96314a5b24 = {
			isa = XCBuildConfiguration;
			buildSettings = {
				HEADER_SEARCH_PATHS = (
					.,
					);
				CLANG_WARN_INT_CONVERSION = YES;
				GCC_WARN_64_TO_32_BIT_CONVERSION = YES;
				CLANG_CXX_LANGUAGE_STANDARD = "gnu++0x";
				CLANG_WARN_ENUM_CONVERSION = YES;
				CLANG_WARN_EMPTY_BODY = YES;
				GCC_WARN_ABOUT_RETURN_TYPE = YES;
				PRODUCT_NAME = CcpMath_d;
				ARCHS = "$(ARCHS_STANDARD_64_BIT)";
				GCC_WARN_UNINITIALIZED_AUTOS = YES;
				CONFIGURATION_BUILD_DIR = "$(BUILD_DIR)/";
				MACOSX_DEPLOYMENT_TARGET = 10.10;
				GCC_OPTIMIZATION_LEVEL = 0;
				ONLY_ACTIVE_ARCH = YES;
				GCC_SYMBOLS_PRIVATE_EXTERN = YES;
				CLANG_WARN__DUPLICATE_METHOD_MATCH = YES;
				CLANG_WARN_CONSTANT_CONVERSION = YES;
				GCC_C_LANGUAGE_STANDARD = gnu99;
				GCC_ENABLE_OBJC_EXCEPTIONS = YES;
				SYMROOT = "../../autobuild/CcpMath/MacOsX$(ARCHS)/clang4.2";
				OBJROOT = "../temp/CcpMath/MacOsX$(ARCHS)/$(CONFIGURATION)/clang4.2";
				GCC_TREAT_WARNINGS_AS_ERRORS = YES;
				CONFIGURATION_TEMP_DIR = "../temp/CcpMath/MacOsX$(ARCHS)/$(CONFIGURATION)/clang4.2";
				GCC_PREPROCESSOR_DEFINITIONS = (
					_MSC_PLATFORM_TOOLSET_clang4.2,
					_DEBUG,
					"$(inherited)",
					);
				COPY_PHASE_STRIP = NO;
				CLANG_CXX_LIBRARY = "libc++";
				ALWAYS_SEARCH_USER_PATHS = NO;
				GCC_DYNAMIC_NO_PIC = NO;
				SDKROOT = macosx;
				WARNING_CFLAGS = "-Wno-nonportable-include-path -Wno-inconsistent-missing-override -Wno-deprecated-register -Wno-pragma-pack";
				};
			name = Release;
			};
		0000004000004f96314a5b24 = {
			files = (
				0000000100004f96314a5b24,
				0000000300004f96314a5b24,
				0000000500004f96314a5b24,
				0000000700004f96314a5b24,
				0000000900004f96314a5b24,
				0000000B00004f96314a5b24,
				0000000D00004f96314a5b24,
				0000000F00004f96314a5b24,
				0000001100004f96314a5b24,
				);
			buildActionMask = 2147483647;
			isa = PBXSourcesBuildPhase;
			runOnlyForDeploymentPostprocessing = 0;
			};
		0000002C00004f96314a5b24 = {
			name = Vector2.h;
			fileEncoding = 4;
			lastKnownFileType = sourcecode.cpp.h;
			path = "include/Vector2.h";
			isa = PBXFileReference;
			sourceTree = "<group>";
			};
		0000002A00004f96314a5b24 = {
			name = Requirements.h;
			fileEncoding = 4;
			lastKnownFileType = sourcecode.cpp.h;
			path = "include/Requirements.h";
			isa = PBXFileReference;
			sourceTree = "<group>";
			};
		0000001A00004f96314a5b24 = {
			name = Float16.h;
			fileEncoding = 4;
			lastKnownFileType = sourcecode.cpp.h;
			path = "include/Float16.h";
			isa = PBXFileReference;
			sourceTree = "<group>";
			};
		0000003900004f96314a5b24 = {
			isa = PBXGroup;
			sourceTree = "<group>";
			children = (
				0000003A00004f96314a5b24,
				0000000200004f96314a5b24,
				0000000400004f96314a5b24,
				0000000600004f96314a5b24,
				0000000800004f96314a5b24,
				0000000A00004f96314a5b24,
				0000000C00004f96314a5b24,
				0000000E00004f96314a5b24,
				0000001000004f96314a5b24,
				0000001200004f96314a5b24,
				);
			name = "Source Files";
			};
		0000001300004f96314a5b24 = {
			isa = PBXBuildFile;
			fileRef = 0000001400004f96314a5b24;
			};
		0000001800004f96314a5b24 = {
			name = Color_inline.h;
			fileEncoding = 4;
			lastKnownFileType = sourcecode.cpp.h;
			path = "include/Color_inline.h";
			isa = PBXFileReference;
			sourceTree = "<group>";
			};
		0000003100004f96314a5b24 = {
			isa = PBXBuildFile;
			fileRef = 0000003200004f96314a5b24;
			};
		0000000D00004f96314a5b24 = {
			isa = PBXBuildFile;
			fileRef = 0000000E00004f96314a5b24;
			};
		0000003F00004f96314a5b24 = {
			isa = PBXGroup;
			children = (
				0000003900004f96314a5b24,
				0000003B00004f96314a5b24,
				);
			sourceTree = "<group>";
			};
		0000002D00004f96314a5b24 = {
			isa = PBXBuildFile;
			fileRef = 0000002E00004f96314a5b24;
			};
		0000004400004f96314a5b24 = {
			isa = XCConfigurationList;
			defaultConfigurationName = Release;
			buildConfigurations = (
				0000004A00004f96314a5b24,
				);
			defaultConfigurationIsVisible = 0;
			};
		0000002200004f96314a5b24 = {
			name = Plane.h;
			fileEncoding = 4;
			lastKnownFileType = sourcecode.cpp.h;
			path = "include/Plane.h";
			isa = PBXFileReference;
			sourceTree = "<group>";
			};
		0000000900004f96314a5b24 = {
			isa = PBXBuildFile;
			fileRef = 0000000A00004f96314a5b24;
			};
		0000001400004f96314a5b24 = {
			name = CcpMath.h;
			fileEncoding = 4;
			lastKnownFileType = sourcecode.cpp.h;
			path = "include/CcpMath.h";
			isa = PBXFileReference;
			sourceTree = "<group>";
			};
		0000000200004f96314a5b24 = {
			name = Color.cpp;
			fileEncoding = 4;
			lastKnownFileType = sourcecode.cpp.cpp;
			path = Color.cpp;
			isa = PBXFileReference;
			sourceTree = "<group>";
			};
		0000004A00004f96314a5b24 = {
			isa = XCBuildConfiguration;
			buildSettings = {
				HEADER_SEARCH_PATHS = (
					.,
					);
				CLANG_WARN_INT_CONVERSION = YES;
				GCC_GENERATE_TEST_COVERAGE_FILES = YES;
				GCC_WARN_64_TO_32_BIT_CONVERSION = YES;
				CLANG_CXX_LANGUAGE_STANDARD = "gnu++0x";
				CLANG_WARN_ENUM_CONVERSION = YES;
				CLANG_WARN_EMPTY_BODY = YES;
				GCC_WARN_ABOUT_RETURN_TYPE = YES;
				PRODUCT_NAME = CcpMath_cc;
				ARCHS = "$(ARCHS_STANDARD_64_BIT)";
				GCC_WARN_UNINITIALIZED_AUTOS = YES;
				CONFIGURATION_BUILD_DIR = "$(BUILD_DIR)/";
				MACOSX_DEPLOYMENT_TARGET = 10.10;
				GCC_OPTIMIZATION_LEVEL = 0;
				ONLY_ACTIVE_ARCH = YES;
				GCC_SYMBOLS_PRIVATE_EXTERN = YES;
				CLANG_WARN__DUPLICATE_METHOD_MATCH = YES;
				CLANG_WARN_CONSTANT_CONVERSION = YES;
				GCC_C_LANGUAGE_STANDARD = gnu99;
				GCC_ENABLE_OBJC_EXCEPTIONS = YES;
				SYMROOT = "../../autobuild/CcpMath/MacOsX$(ARCHS)/clang4.2";
				OBJROOT = "../temp/CcpMath/MacOsX$(ARCHS)/$(CONFIGURATION)/clang4.2";
				GCC_TREAT_WARNINGS_AS_ERRORS = YES;
				CONFIGURATION_TEMP_DIR = "../temp/CcpMath/MacOsX$(ARCHS)/$(CONFIGURATION)/clang4.2";
				GCC_PREPROCESSOR_DEFINITIONS = (
					NDEBUG,
					_MSC_PLATFORM_TOOLSET_clang4.2,
					"$(inherited)",
					);
				COPY_PHASE_STRIP = NO;
				CLANG_CXX_LIBRARY = "libc++";
				GCC_INSTRUMENT_PROGRAM_FLOW_ARCS = YES;
				ALWAYS_SEARCH_USER_PATHS = NO;
				GCC_DYNAMIC_NO_PIC = NO;
				SDKROOT = macosx;
				WARNING_CFLAGS = "-Wno-nonportable-include-path -Wno-inconsistent-missing-override -Wno-deprecated-register -Wno-pragma-pack";
				};
			name = Release;
			};
		0000004300004f96314a5b24 = {
			dependencies = (
				);
			productReference = 0000003D00004f96314a5b24;
			name = Release_Coverage_Mac64;
			productType = "com.apple.product-type.library.static";
			buildRules = (
				);
			isa = PBXNativeTarget;
			productName = CcpMath;
			buildConfigurationList = 0000004400004f96314a5b24;
			buildPhases = (
				0000004000004f96314a5b24,
				);
			};
		0000004200004f96314a5b24 = {
			isa = XCConfigurationList;
			defaultConfigurationName = Release;
			buildConfigurations = (
				0000004900004f96314a5b24,
				);
			defaultConfigurationIsVisible = 0;
			};
		0000001E00004f96314a5b24 = {
			name = Matrix.h;
			fileEncoding = 4;
			lastKnownFileType = sourcecode.cpp.h;
			path = "include/Matrix.h";
			isa = PBXFileReference;
			sourceTree = "<group>";
			};
		0000000A00004f96314a5b24 = {
			name = Quaternion.cpp;
			fileEncoding = 4;
			lastKnownFileType = sourcecode.cpp.cpp;
			path = Quaternion.cpp;
			isa = PBXFileReference;
			sourceTree = "<group>";
			};
		0000000400004f96314a5b24 = {
			name = Float16.cpp;
			fileEncoding = 4;
			lastKnownFileType = sourcecode.cpp.cpp;
			path = Float16.cpp;
			isa = PBXFileReference;
			sourceTree = "<group>";
			};
		0000003600004f96314a5b24 = {
			name = Vector4_inline.h;
			fileEncoding = 4;
			lastKnownFileType = sourcecode.cpp.h;
			path = "include/Vector4_inline.h";
			isa = PBXFileReference;
			sourceTree = "<group>";
			};
		0000003300004f96314a5b24 = {
			isa = PBXBuildFile;
			fileRef = 0000003400004f96314a5b24;
			};
		0000003800004f96314a5b24 = {
			name = xnamath.h;
			fileEncoding = 4;
			lastKnownFileType = sourcecode.cpp.h;
			path = "include/xnamath.h";
			isa = PBXFileReference;
			sourceTree = "<group>";
			};
		0000003200004f96314a5b24 = {
			name = Vector3_inline.h;
			fileEncoding = 4;
			lastKnownFileType = sourcecode.cpp.h;
			path = "include/Vector3_inline.h";
			isa = PBXFileReference;
			sourceTree = "<group>";
			};
		0000001000004f96314a5b24 = {
			name = Vector4.cpp;
			fileEncoding = 4;
			lastKnownFileType = sourcecode.cpp.cpp;
			path = Vector4.cpp;
			isa = PBXFileReference;
			sourceTree = "<group>";
			};
		0000004100004f96314a5b24 = {
			dependencies = (
				);
			productReference = 0000003C00004f96314a5b24;
			name = Debug_Mac64;
			productType = "com.apple.product-type.library.static";
			buildRules = (
				);
			isa = PBXNativeTarget;
			productName = CcpMath;
			buildConfigurationList = 0000004200004f96314a5b24;
			buildPhases = (
				0000004000004f96314a5b24,
				);
			};
		0000000600004f96314a5b24 = {
			name = Matrix.cpp;
			fileEncoding = 4;
			lastKnownFileType = sourcecode.cpp.cpp;
			path = Matrix.cpp;
			isa = PBXFileReference;
			sourceTree = "<group>";
			};
		0000001200004f96314a5b24 = {
			name = xnamath.cpp;
			fileEncoding = 4;
			lastKnownFileType = sourcecode.cpp.cpp;
			path = xnamath.cpp;
			isa = PBXFileReference;
			sourceTree = "<group>";
			};
		0000001F00004f96314a5b24 = {
			isa = PBXBuildFile;
			fileRef = 0000002000004f96314a5b24;
			};
		0000000300004f96314a5b24 = {
			isa = PBXBuildFile;
			fileRef = 0000000400004f96314a5b24;
			};
		0000002B00004f96314a5b24 = {
			isa = PBXBuildFile;
			fileRef = 0000002C00004f96314a5b24;
			};
		0000004600004f96314a5b24 = {
			isa = XCConfigurationList;
			defaultConfigurationName = Release;
			buildConfigurations = (
				0000004B00004f96314a5b24,
				);
			defaultConfigurationIsVisible = 0;
			};
		0000002F00004f96314a5b24 = {
			isa = PBXBuildFile;
			fileRef = 0000003000004f96314a5b24;
			};
		0000003B00004f96314a5b24 = {
			isa = PBXGroup;
			sourceTree = "<group>";
			children = (
				);
			name = Dependencies;
			};
		0000003C00004f96314a5b24 = {
			path = CcpMath_d.lib;
			isa = PBXFileReference;
			includeInIndex = 0;
			explicitFileType = archive.ar;
			sourceTree = BUILT_PRODUCTS_DIR;
			};
		0000001600004f96314a5b24 = {
			name = Color.h;
			fileEncoding = 4;
			lastKnownFileType = sourcecode.cpp.h;
			path = "include/Color.h";
			isa = PBXFileReference;
			sourceTree = "<group>";
			};
		0000003500004f96314a5b24 = {
			isa = PBXBuildFile;
			fileRef = 0000003600004f96314a5b24;
			};
		0000001D00004f96314a5b24 = {
			isa = PBXBuildFile;
			fileRef = 0000001E00004f96314a5b24;
			};
		0000000B00004f96314a5b24 = {
			isa = PBXBuildFile;
			fileRef = 0000000C00004f96314a5b24;
			};
		0000002600004f96314a5b24 = {
			name = Quaternion.h;
			fileEncoding = 4;
			lastKnownFileType = sourcecode.cpp.h;
			path = "include/Quaternion.h";
			isa = PBXFileReference;
			sourceTree = "<group>";
			};
		0000004700004f96314a5b24 = {
			projectDirPath = "";
			targets = (
				0000004100004f96314a5b24,
				0000004300004f96314a5b24,
				0000004500004f96314a5b24,
				);
			knownRegions = (
				en,
				);
			developmentRegion = English;
			projectRoot = "";
			hasScannedForEncodings = 0;
			compatibilityVersion = "Xcode 3.2";
			mainGroup = 0000003F00004f96314a5b24;
			attributes = {
				ORGANIZATIONNAME = CCP;
				LastUpgradeCheck = 0460;
				};
			isa = PBXProject;
			buildConfigurationList = 0000004800004f96314a5b24;
			};
		0000004500004f96314a5b24 = {
			dependencies = (
				);
			productReference = 0000003E00004f96314a5b24;
			name = Release_Mac64;
			productType = "com.apple.product-type.library.static";
			buildRules = (
				);
			isa = PBXNativeTarget;
			productName = CcpMath;
			buildConfigurationList = 0000004600004f96314a5b24;
			buildPhases = (
				0000004000004f96314a5b24,
				);
			};
		0000004800004f96314a5b24 = {
			isa = XCConfigurationList;
			defaultConfigurationName = Release;
			buildConfigurations = (
				0000004C00004f96314a5b24,
				);
			defaultConfigurationIsVisible = 0;
			};
		0000004C00004f96314a5b24 = {
			isa = XCBuildConfiguration;
			buildSettings = {
				};
			name = Release;
			};
		0000002E00004f96314a5b24 = {
			name = Vector2_inline.h;
			fileEncoding = 4;
			lastKnownFileType = sourcecode.cpp.h;
			path = "include/Vector2_inline.h";
			isa = PBXFileReference;
			sourceTree = "<group>";
			};
		0000000C00004f96314a5b24 = {
			name = Vector2.cpp;
			fileEncoding = 4;
			lastKnownFileType = sourcecode.cpp.cpp;
			path = Vector2.cpp;
			isa = PBXFileReference;
			sourceTree = "<group>";
			};
		0000003000004f96314a5b24 = {
			name = Vector3.h;
			fileEncoding = 4;
			lastKnownFileType = sourcecode.cpp.h;
			path = "include/Vector3.h";
			isa = PBXFileReference;
			sourceTree = "<group>";
			};
		0000000700004f96314a5b24 = {
			isa = PBXBuildFile;
			fileRef = 0000000800004f96314a5b24;
			};
		0000001100004f96314a5b24 = {
			isa = PBXBuildFile;
			fileRef = 0000001200004f96314a5b24;
			};
		0000003D00004f96314a5b24 = {
			path = CcpMath_cc.lib;
			isa = PBXFileReference;
			includeInIndex = 0;
			explicitFileType = archive.ar;
			sourceTree = BUILT_PRODUCTS_DIR;
			};
		0000000F00004f96314a5b24 = {
			isa = PBXBuildFile;
			fileRef = 0000001000004f96314a5b24;
			};
		0000001B00004f96314a5b24 = {
			isa = PBXBuildFile;
			fileRef = 0000001C00004f96314a5b24;
			};
		0000001700004f96314a5b24 = {
			isa = PBXBuildFile;
			fileRef = 0000001800004f96314a5b24;
			};
		0000002900004f96314a5b24 = {
			isa = PBXBuildFile;
			fileRef = 0000002A00004f96314a5b24;
			};
		0000001900004f96314a5b24 = {
			isa = PBXBuildFile;
			fileRef = 0000001A00004f96314a5b24;
			};
		0000003A00004f96314a5b24 = {
			isa = PBXGroup;
			sourceTree = "<group>";
			children = (
				0000001400004f96314a5b24,
				0000001600004f96314a5b24,
				0000001800004f96314a5b24,
				0000001A00004f96314a5b24,
				0000001C00004f96314a5b24,
				0000001E00004f96314a5b24,
				0000002000004f96314a5b24,
				0000002200004f96314a5b24,
				0000002400004f96314a5b24,
				0000002600004f96314a5b24,
				0000002800004f96314a5b24,
				0000002A00004f96314a5b24,
				0000002C00004f96314a5b24,
				0000002E00004f96314a5b24,
				0000003000004f96314a5b24,
				0000003200004f96314a5b24,
				0000003400004f96314a5b24,
				0000003600004f96314a5b24,
				0000003800004f96314a5b24,
				);
			name = include;
			};
		0000002500004f96314a5b24 = {
			isa = PBXBuildFile;
			fileRef = 0000002600004f96314a5b24;
			};
		0000004B00004f96314a5b24 = {
			isa = XCBuildConfiguration;
			buildSettings = {
				HEADER_SEARCH_PATHS = (
					.,
					);
				CLANG_WARN_INT_CONVERSION = YES;
				GCC_WARN_64_TO_32_BIT_CONVERSION = YES;
				CLANG_CXX_LANGUAGE_STANDARD = "gnu++0x";
				CLANG_WARN_ENUM_CONVERSION = YES;
				CLANG_WARN_EMPTY_BODY = YES;
				GCC_WARN_ABOUT_RETURN_TYPE = YES;
				PRODUCT_NAME = CcpMath;
				ARCHS = "$(ARCHS_STANDARD_64_BIT)";
				GCC_WARN_UNINITIALIZED_AUTOS = YES;
				CONFIGURATION_BUILD_DIR = "$(BUILD_DIR)/";
				MACOSX_DEPLOYMENT_TARGET = 10.10;
				GCC_OPTIMIZATION_LEVEL = s;
				ONLY_ACTIVE_ARCH = YES;
				GCC_SYMBOLS_PRIVATE_EXTERN = YES;
				CLANG_WARN__DUPLICATE_METHOD_MATCH = YES;
				CLANG_WARN_CONSTANT_CONVERSION = YES;
				GCC_C_LANGUAGE_STANDARD = gnu99;
				GCC_ENABLE_OBJC_EXCEPTIONS = YES;
				SYMROOT = "../../autobuild/CcpMath/MacOsX$(ARCHS)/clang4.2";
				OBJROOT = "../temp/CcpMath/MacOsX$(ARCHS)/$(CONFIGURATION)/clang4.2";
				GCC_TREAT_WARNINGS_AS_ERRORS = YES;
				CONFIGURATION_TEMP_DIR = "../temp/CcpMath/MacOsX$(ARCHS)/$(CONFIGURATION)/clang4.2";
				GCC_PREPROCESSOR_DEFINITIONS = (
					_MSC_PLATFORM_TOOLSET_clang4.2,
					"$(inherited)",
					);
				COPY_PHASE_STRIP = NO;
				CLANG_CXX_LIBRARY = "libc++";
				ALWAYS_SEARCH_USER_PATHS = NO;
				GCC_DYNAMIC_NO_PIC = NO;
				SDKROOT = macosx;
				WARNING_CFLAGS = "-Wno-nonportable-include-path -Wno-inconsistent-missing-override -Wno-deprecated-register -Wno-pragma-pack";
				};
			name = Release;
			};
		0000002300004f96314a5b24 = {
			isa = PBXBuildFile;
			fileRef = 0000002400004f96314a5b24;
			};
		0000002000004f96314a5b24 = {
			name = Matrix_inline.h;
			fileEncoding = 4;
			lastKnownFileType = sourcecode.cpp.h;
			path = "include/Matrix_inline.h";
			isa = PBXFileReference;
			sourceTree = "<group>";
			};
		0000003400004f96314a5b24 = {
			name = Vector4.h;
			fileEncoding = 4;
			lastKnownFileType = sourcecode.cpp.h;
			path = "include/Vector4.h";
			isa = PBXFileReference;
			sourceTree = "<group>";
			};
		0000002100004f96314a5b24 = {
			isa = PBXBuildFile;
			fileRef = 0000002200004f96314a5b24;
			};
		0000001500004f96314a5b24 = {
			isa = PBXBuildFile;
			fileRef = 0000001600004f96314a5b24;
			};
		};
	objectVersion = 46;
	rootObject = 0000004700004f96314a5b24;
	}